version = 1
requires-python = ">=3.13.0"

[[package]]
name = "faker"
version = "36.1.1"
source = { registry = "https://pypi.org/simple" }
dependencies = [
    { name = "tzdata" },
]
sdist = { url = "https://files.pythonhosted.org/packages/55/8f/40d002bed58bd6b79bf970505582b769fc975afcacc62c2fe1518d5729c2/faker-36.1.1.tar.gz", hash = "sha256:7cb2bbd4c8f040e4a340ae4019e9a48b6cf1db6a71bda4e5a61d8d13b7bef28d", size = 1874935 }
wheels = [
    { url = "https://files.pythonhosted.org/packages/65/79/e13ae542f63ce40d02b0fe63809563b102f19ffa3b94e6062ee9286a7801/Faker-36.1.1-py3-none-any.whl", hash = "sha256:ad1f1be7fd692ec0256517404a9d7f007ab36ac5d4674082fa72404049725eaa", size = 1917865 },
]

[[package]]
name = "first-python-tool"
version = "0.1.0"
source = { virtual = "." }
dependencies = [
    { name = "faker" },
]

[package.metadata]
requires-dist = [{ name = "faker", specifier = ">=36.1.1" }]

[[package]]
name = "tzdata"
version = "2025.1"
source = { registry = "https://pypi.org/simple" }
sdist = { url = "https://files.pythonhosted.org/packages/43/0f/fa4723f22942480be4ca9527bbde8d43f6c3f2fe8412f00e7f5f6746bc8b/tzdata-2025.1.tar.gz", hash = "sha256:24894909e88cdb28bd1636c6887801df64cb485bd593f2fd83ef29075a81d694", size = 194950 }
wheels = [
    { url = "https://files.pythonhosted.org/packages/0f/dd/84f10e23edd882c6f968c21c2434fe67bd4a528967067515feca9e611e5e/tzdata-2025.1-py2.py3-none-any.whl", hash = "sha256:7e127113816800496f027041c570f50bcd464a020098a3b6b199517772303639", size = 346762 },
]
